
Microsoft Visual Studio Solution File, Format Version 12.00
# Visual Studio Version 17
VisualStudioVersion = 17.11.35327.3
MinimumVisualStudioVersion = 10.0.40219.1
Project("{FAE04EC0-301F-11D3-BF4B-00C04F79EFBC}") = "JeuNombre", "JeuNombre\JeuNombre.csproj", "{5FBBBFBA-37C3-4906-A02A-CAF29769DDEE}"
EndProject
Global
	GlobalSection(SolutionConfigurationPlatforms) = preSolution
		Debug|Any CPU = Debug|Any CPU
		Release|Any CPU = Release|Any CPU
	EndGlobalSection
	GlobalSection(ProjectConfigurationPlatforms) = postSolution
		{5FBBBFBA-37C3-4906-A02A-CAF29769DDEE}.Debug|Any CPU.ActiveCfg = Debug|Any CPU
		{5FBBBFBA-37C3-4906-A02A-CAF29769DDEE}.Debug|Any CPU.Build.0 = Debug|Any CPU
		{5FBBBFBA-37C3-4906-A02A-CAF29769DDEE}.Release|Any CPU.ActiveCfg = Release|Any CPU
		{5FBBBFBA-37C3-4906-A02A-CAF29769DDEE}.Release|Any CPU.Build.0 = Release|Any CPU
	EndGlobalSection
	GlobalSection(SolutionProperties) = preSolution
		HideSolutionNode = FALSE
	EndGlobalSection
	GlobalSection(ExtensibilityGlobals) = postSolution
		SolutionGuid = {B7BFBEFE-81B9-4CEA-AAB7-722FC332D900}
	EndGlobalSection
EndGlobal
